
Microsoft Visual Studio Solution File, Format Version 12.00
# Visual Studio Version 17
VisualStudioVersion = 17.2.32630.192
MinimumVisualStudioVersion = 10.0.40219.1
Project("{FAE04EC0-301F-11D3-BF4B-00C04F79EFBC}") = "INECassignment1", "INECassignment1\INECassignment1.csproj", "{EBFB020F-CF8E-4073-AD63-C57F154B665F}"
EndProject
Global
	GlobalSection(SolutionConfigurationPlatforms) = preSolution
		Debug|Any CPU = Debug|Any CPU
		Release|Any CPU = Release|Any CPU
	EndGlobalSection
	GlobalSection(ProjectConfigurationPlatforms) = postSolution
		{EBFB020F-CF8E-4073-AD63-C57F154B665F}.Debug|Any CPU.ActiveCfg = Debug|Any CPU
		{EBFB020F-CF8E-4073-AD63-C57F154B665F}.Debug|Any CPU.Build.0 = Debug|Any CPU
		{EBFB020F-CF8E-4073-AD63-C57F154B665F}.Release|Any CPU.ActiveCfg = Release|Any CPU
		{EBFB020F-CF8E-4073-AD63-C57F154B665F}.Release|Any CPU.Build.0 = Release|Any CPU
	EndGlobalSection
	GlobalSection(SolutionProperties) = preSolution
		HideSolutionNode = FALSE
	EndGlobalSection
	GlobalSection(ExtensibilityGlobals) = postSolution
		SolutionGuid = {6E898EC1-CE43-45B2-AF7C-65432AA189A0}
	EndGlobalSection
EndGlobal
